
Microsoft Visual Studio Solution File, Format Version 12.00
# Visual Studio 2012
Project("{FAE04EC0-301F-11D3-BF4B-00C04F79EFBC}") = "PACDMConverter", "PACDMConverter\PACDMConverter.csproj", "{940269DA-458B-4BEB-B4A4-012C6586AD00}"
EndProject
Project("{FAE04EC0-301F-11D3-BF4B-00C04F79EFBC}") = "MSAccessObjects", "MSAccessObjects\MSAccessObjects.csproj", "{7571D294-5657-4695-B170-2A6A61D89B0F}"
EndProject
Project("{FAE04EC0-301F-11D3-BF4B-00C04F79EFBC}") = "Commons", "Commons\Commons.csproj", "{4158702B-07DC-4B34-9CAD-586EA4406B2F}"
EndProject
Project("{FAE04EC0-301F-11D3-BF4B-00C04F79EFBC}") = "ConvertDB", "LocalDatabase\ConvertDB.csproj", "{D1D0007E-8D7F-4FF8-AFED-A7AC62F92933}"
EndProject
Project("{FAE04EC0-301F-11D3-BF4B-00C04F79EFBC}") = "CMSSVR", "CMSSVR\CMSSVR.csproj", "{8B2BC7AE-C29C-492D-A405-98E2C9BBC18F}"
EndProject
Project("{FAE04EC0-301F-11D3-BF4B-00C04F79EFBC}") = "ConverterSVR", "ConverterSVR\ConverterSVR.csproj", "{B79336EF-5C3C-4074-B06B-FD0D265BE320}"
EndProject
Project("{FAE04EC0-301F-11D3-BF4B-00C04F79EFBC}") = "PACDMModel", "PACDMModel\PACDMModel.csproj", "{D8D5D11B-CD70-4801-A427-12BB03ADA666}"
EndProject
Project("{FAE04EC0-301F-11D3-BF4B-00C04F79EFBC}") = "ConvertMessage", "ConvertMessage\ConvertMessage.csproj", "{A395A1D4-9871-45C4-8D06-571A0F23DFC7}"
EndProject
Project("{FAE04EC0-301F-11D3-BF4B-00C04F79EFBC}") = "SVRDatabase", "SVRDatabase\LogModel\SVRDatabase.csproj", "{6D22E150-4F71-4281-A9DF-745569D5A977}"
EndProject
Project("{2150E333-8FDC-42A3-9474-1A3956D46DE8}") = "CMS Service", "CMS Service", "{9CC1B5DD-5AF9-401E-BB16-4B65816DED36}"
EndProject
Project("{2150E333-8FDC-42A3-9474-1A3956D46DE8}") = "Converter", "Converter", "{7AA35F0A-56CF-4BD3-AB35-3BF18B846B46}"
EndProject
Project("{FAE04EC0-301F-11D3-BF4B-00C04F79EFBC}") = "HASPkey", "HASPkey\HASPkey.csproj", "{624F5C4F-7996-4FE8-81C5-EE4DF809C193}"
EndProject
Project("{FAE04EC0-301F-11D3-BF4B-00C04F79EFBC}") = "ConsoleApplication1", "ConsoleApplication1\ConsoleApplication1.csproj", "{3224BC07-D4F9-4061-967E-490C06A15656}"
EndProject
Global
	GlobalSection(SolutionConfigurationPlatforms) = preSolution
		Debug|Any CPU = Debug|Any CPU
		Release|Any CPU = Release|Any CPU
	EndGlobalSection
	GlobalSection(ProjectConfigurationPlatforms) = postSolution
		{940269DA-458B-4BEB-B4A4-012C6586AD00}.Debug|Any CPU.ActiveCfg = Debug|Any CPU
		{940269DA-458B-4BEB-B4A4-012C6586AD00}.Debug|Any CPU.Build.0 = Debug|Any CPU
		{940269DA-458B-4BEB-B4A4-012C6586AD00}.Release|Any CPU.ActiveCfg = Release|Any CPU
		{940269DA-458B-4BEB-B4A4-012C6586AD00}.Release|Any CPU.Build.0 = Release|Any CPU
		{7571D294-5657-4695-B170-2A6A61D89B0F}.Debug|Any CPU.ActiveCfg = Debug|Any CPU
		{7571D294-5657-4695-B170-2A6A61D89B0F}.Debug|Any CPU.Build.0 = Debug|Any CPU
		{7571D294-5657-4695-B170-2A6A61D89B0F}.Release|Any CPU.ActiveCfg = Release|Any CPU
		{7571D294-5657-4695-B170-2A6A61D89B0F}.Release|Any CPU.Build.0 = Release|Any CPU
		{4158702B-07DC-4B34-9CAD-586EA4406B2F}.Debug|Any CPU.ActiveCfg = Debug|Any CPU
		{4158702B-07DC-4B34-9CAD-586EA4406B2F}.Debug|Any CPU.Build.0 = Debug|Any CPU
		{4158702B-07DC-4B34-9CAD-586EA4406B2F}.Release|Any CPU.ActiveCfg = Release|Any CPU
		{4158702B-07DC-4B34-9CAD-586EA4406B2F}.Release|Any CPU.Build.0 = Release|Any CPU
		{D1D0007E-8D7F-4FF8-AFED-A7AC62F92933}.Debug|Any CPU.ActiveCfg = Debug|Any CPU
		{D1D0007E-8D7F-4FF8-AFED-A7AC62F92933}.Debug|Any CPU.Build.0 = Debug|Any CPU
		{D1D0007E-8D7F-4FF8-AFED-A7AC62F92933}.Release|Any CPU.ActiveCfg = Release|Any CPU
		{D1D0007E-8D7F-4FF8-AFED-A7AC62F92933}.Release|Any CPU.Build.0 = Release|Any CPU
		{8B2BC7AE-C29C-492D-A405-98E2C9BBC18F}.Debug|Any CPU.ActiveCfg = Debug|Any CPU
		{8B2BC7AE-C29C-492D-A405-98E2C9BBC18F}.Debug|Any CPU.Build.0 = Debug|Any CPU
		{8B2BC7AE-C29C-492D-A405-98E2C9BBC18F}.Release|Any CPU.ActiveCfg = Release|Any CPU
		{8B2BC7AE-C29C-492D-A405-98E2C9BBC18F}.Release|Any CPU.Build.0 = Release|Any CPU
		{B79336EF-5C3C-4074-B06B-FD0D265BE320}.Debug|Any CPU.ActiveCfg = Debug|Any CPU
		{B79336EF-5C3C-4074-B06B-FD0D265BE320}.Debug|Any CPU.Build.0 = Debug|Any CPU
		{B79336EF-5C3C-4074-B06B-FD0D265BE320}.Release|Any CPU.ActiveCfg = Release|Any CPU
		{B79336EF-5C3C-4074-B06B-FD0D265BE320}.Release|Any CPU.Build.0 = Release|Any CPU
		{D8D5D11B-CD70-4801-A427-12BB03ADA666}.Debug|Any CPU.ActiveCfg = Debug|Any CPU
		{D8D5D11B-CD70-4801-A427-12BB03ADA666}.Debug|Any CPU.Build.0 = Debug|Any CPU
		{D8D5D11B-CD70-4801-A427-12BB03ADA666}.Release|Any CPU.ActiveCfg = Release|Any CPU
		{D8D5D11B-CD70-4801-A427-12BB03ADA666}.Release|Any CPU.Build.0 = Release|Any CPU
		{A395A1D4-9871-45C4-8D06-571A0F23DFC7}.Debug|Any CPU.ActiveCfg = Debug|Any CPU
		{A395A1D4-9871-45C4-8D06-571A0F23DFC7}.Debug|Any CPU.Build.0 = Debug|Any CPU
		{A395A1D4-9871-45C4-8D06-571A0F23DFC7}.Release|Any CPU.ActiveCfg = Release|Any CPU
		{A395A1D4-9871-45C4-8D06-571A0F23DFC7}.Release|Any CPU.Build.0 = Release|Any CPU
		{6D22E150-4F71-4281-A9DF-745569D5A977}.Debug|Any CPU.ActiveCfg = Debug|Any CPU
		{6D22E150-4F71-4281-A9DF-745569D5A977}.Debug|Any CPU.Build.0 = Debug|Any CPU
		{6D22E150-4F71-4281-A9DF-745569D5A977}.Release|Any CPU.ActiveCfg = Release|Any CPU
		{6D22E150-4F71-4281-A9DF-745569D5A977}.Release|Any CPU.Build.0 = Release|Any CPU
		{624F5C4F-7996-4FE8-81C5-EE4DF809C193}.Debug|Any CPU.ActiveCfg = Debug|Any CPU
		{624F5C4F-7996-4FE8-81C5-EE4DF809C193}.Debug|Any CPU.Build.0 = Debug|Any CPU
		{624F5C4F-7996-4FE8-81C5-EE4DF809C193}.Release|Any CPU.ActiveCfg = Release|Any CPU
		{624F5C4F-7996-4FE8-81C5-EE4DF809C193}.Release|Any CPU.Build.0 = Release|Any CPU
		{3224BC07-D4F9-4061-967E-490C06A15656}.Debug|Any CPU.ActiveCfg = Debug|Any CPU
		{3224BC07-D4F9-4061-967E-490C06A15656}.Debug|Any CPU.Build.0 = Debug|Any CPU
		{3224BC07-D4F9-4061-967E-490C06A15656}.Release|Any CPU.ActiveCfg = Release|Any CPU
		{3224BC07-D4F9-4061-967E-490C06A15656}.Release|Any CPU.Build.0 = Release|Any CPU
	EndGlobalSection
	GlobalSection(SolutionProperties) = preSolution
		HideSolutionNode = FALSE
	EndGlobalSection
	GlobalSection(NestedProjects) = preSolution
		{7571D294-5657-4695-B170-2A6A61D89B0F} = {7AA35F0A-56CF-4BD3-AB35-3BF18B846B46}
		{D1D0007E-8D7F-4FF8-AFED-A7AC62F92933} = {7AA35F0A-56CF-4BD3-AB35-3BF18B846B46}
		{940269DA-458B-4BEB-B4A4-012C6586AD00} = {7AA35F0A-56CF-4BD3-AB35-3BF18B846B46}
		{B79336EF-5C3C-4074-B06B-FD0D265BE320} = {9CC1B5DD-5AF9-401E-BB16-4B65816DED36}
		{D8D5D11B-CD70-4801-A427-12BB03ADA666} = {9CC1B5DD-5AF9-401E-BB16-4B65816DED36}
		{6D22E150-4F71-4281-A9DF-745569D5A977} = {9CC1B5DD-5AF9-401E-BB16-4B65816DED36}
		{8B2BC7AE-C29C-492D-A405-98E2C9BBC18F} = {9CC1B5DD-5AF9-401E-BB16-4B65816DED36}
	EndGlobalSection
EndGlobal
