
Microsoft Visual Studio Solution File, Format Version 12.00
# Visual Studio 2012
Project("{FAE04EC0-301F-11D3-BF4B-00C04F79EFBC}") = "CMSSVR", "CMSSVR\CMSSVR.csproj", "{8B2BC7AE-C29C-492D-A405-98E2C9BBC18F}"
EndProject
Project("{FAE04EC0-301F-11D3-BF4B-00C04F79EFBC}") = "Commons", "Commons\Commons.csproj", "{4158702B-07DC-4B34-9CAD-586EA4406B2F}"
EndProject
Project("{FAE04EC0-301F-11D3-BF4B-00C04F79EFBC}") = "ConverterSVR", "ConverterSVR\ConverterSVR.csproj", "{B79336EF-5C3C-4074-B06B-FD0D265BE320}"
EndProject
Project("{FAE04EC0-301F-11D3-BF4B-00C04F79EFBC}") = "ConvertMessage", "ConvertMessage\ConvertMessage.csproj", "{A395A1D4-9871-45C4-8D06-571A0F23DFC7}"
EndProject
Project("{FAE04EC0-301F-11D3-BF4B-00C04F79EFBC}") = "PACDMModel", "PACDMModel\PACDMModel.csproj", "{D8D5D11B-CD70-4801-A427-12BB03ADA666}"
EndProject
Project("{FAE04EC0-301F-11D3-BF4B-00C04F79EFBC}") = "SVRDatabase", "SVRDatabase\LogModel\SVRDatabase.csproj", "{6D22E150-4F71-4281-A9DF-745569D5A977}"
EndProject
Project("{2150E333-8FDC-42A3-9474-1A3956D46DE8}") = "CMSWebApi", "CMSWebApi", "{D7B3FB2B-C5FE-43E1-822D-65C4CFAC9828}"
EndProject
Project("{FAE04EC0-301F-11D3-BF4B-00C04F79EFBC}") = "CMSWebApi.APIFilters", "CMSWebApi\APIFilters\CMSWebApi.APIFilters.csproj", "{E2EB560C-38D5-4298-9501-0E44806DF4F1}"
EndProject
Project("{FAE04EC0-301F-11D3-BF4B-00C04F79EFBC}") = "CMSWebApi.DataModels", "CMSWebApi\DataModels\CMSWebApi.DataModels.csproj", "{38141BA5-49F0-4D34-8351-0685DC0FF561}"
EndProject
Project("{FAE04EC0-301F-11D3-BF4B-00C04F79EFBC}") = "CMSWebApi.ServiceInterfaces", "CMSWebApi\ServiceInterfaces\CMSWebApi.ServiceInterfaces.csproj", "{268877C1-EABC-45E3-848F-05EF659E2E92}"
EndProject
Project("{FAE04EC0-301F-11D3-BF4B-00C04F79EFBC}") = "CMSWebApi.Utils", "CMSWebApi\Utils\CMSWebApi.Utils.csproj", "{A0CB2EC9-9357-4C0F-8759-502C14C27844}"
EndProject
Project("{FAE04EC0-301F-11D3-BF4B-00C04F79EFBC}") = "CMSWebApi.Resources", "CMSWebApi\CMSWebResources\CMSWebApi.Resources.csproj", "{D24FFE0A-C428-4391-9B78-2A2FCB6FDDFA}"
EndProject
Project("{FAE04EC0-301F-11D3-BF4B-00C04F79EFBC}") = "CMSWebApi.Controllers", "CMSWebApi\CMSWebApi.Controllers\CMSWebApi.Controllers.csproj", "{A99397C7-7140-4154-80D4-4E1B8B873A03}"
EndProject
Project("{FAE04EC0-301F-11D3-BF4B-00C04F79EFBC}") = "CMSWebApi.BusinessServices", "CMSWebApi\BusinessServices\CMSWebApi.BusinessServices.csproj", "{E1086459-C1A1-49E4-8F38-371FB49FC5E1}"
EndProject
Project("{FAE04EC0-301F-11D3-BF4B-00C04F79EFBC}") = "CMSWebApi.DataServices", "CMSWebApi\DataServices\CMSWebApi.DataServices.csproj", "{51408A9F-A4E9-4D96-9134-400579C4B269}"
EndProject
Project("{FAE04EC0-301F-11D3-BF4B-00C04F79EFBC}") = "Cryptography", "Cryptography\Cryptography.csproj", "{5A78F393-C5A1-490D-ABB7-91AF2722F9E9}"
EndProject
Project("{FAE04EC0-301F-11D3-BF4B-00C04F79EFBC}") = "MessageContentHandler", "MessageContentHandler\MessageContentHandler.csproj", "{15A67C96-7BEF-49D2-AAB2-C3DD8B1EEFFE}"
EndProject
Project("{FAE04EC0-301F-11D3-BF4B-00C04F79EFBC}") = "WebConfigEncryption", "WebConfigEncryption\WebConfigEncryption.csproj", "{CF0817B7-1C9D-4CA7-A2D3-73842C88C80E}"
EndProject
Project("{FAE04EC0-301F-11D3-BF4B-00C04F79EFBC}") = "AppSettings", "AppSettings\AppSettings.csproj", "{1AD73A91-65C4-4512-8605-DEA960D7D7FF}"
EndProject
Project("{FAE04EC0-301F-11D3-BF4B-00C04F79EFBC}") = "CMSWebApi.Cache", "CMSWebApi\Cache\CMSWebApi.Cache.csproj", "{7353535C-F028-4A25-B562-7187857190EA}"
EndProject
Project("{FAE04EC0-301F-11D3-BF4B-00C04F79EFBC}") = "CMSWebApi.Configurations", "CMSWebApi\Configurations\CMSWebApi.Configurations.csproj", "{66301320-34CA-4E88-9F10-F8B17FEF0BAA}"
EndProject
Project("{FAE04EC0-301F-11D3-BF4B-00C04F79EFBC}") = "CMSWebApi.Email", "CMSWebApi\Emails\CMSWebApi.Email.csproj", "{CE3E3E3A-F68B-43E2-81D8-68CF5DAABA7C}"
EndProject
Project("{FAE04EC0-301F-11D3-BF4B-00C04F79EFBC}") = "CMSWebApi.Hub", "CMSWebApi\Hubs\CMSWebApi.Hub.csproj", "{1185BF0D-90F1-44DE-B0C8-2A11ECAFF919}"
EndProject
Project("{FAE04EC0-301F-11D3-BF4B-00C04F79EFBC}") = "CMSWebApi.Wrappers", "CMSWebApi\Wrappers\CMSWebApi.Wrappers.csproj", "{0C240E2A-1914-4DE7-8A5B-15112A25372D}"
EndProject
Project("{FAE04EC0-301F-11D3-BF4B-00C04F79EFBC}") = "Extensions", "Extensions\Extensions.csproj", "{D237564A-B94C-4E32-9BB2-86B9209448D8}"
EndProject
Project("{FAE04EC0-301F-11D3-BF4B-00C04F79EFBC}") = "StreammingContent", "StreamContent\StreammingContent.csproj", "{85054D49-3F6E-4A6E-81CF-D57301D077F5}"
EndProject
Project("{FAE04EC0-301F-11D3-BF4B-00C04F79EFBC}") = "Pipes", "Pipes\Pipes.csproj", "{1D6288A6-78C9-4233-A5ED-D9A6243CD580}"
EndProject
Project("{FAE04EC0-301F-11D3-BF4B-00C04F79EFBC}") = "PipeModels", "PipeModels\PipeModels.csproj", "{449CE453-C189-4052-BA0B-2D7F40A32940}"
EndProject
Project("{FAE04EC0-301F-11D3-BF4B-00C04F79EFBC}") = "MSAccessObjects", "MSAccessObjects\MSAccessObjects.csproj", "{7571D294-5657-4695-B170-2A6A61D89B0F}"
EndProject
Project("{FAE04EC0-301F-11D3-BF4B-00C04F79EFBC}") = "HASPkey", "HASPkey\HASPkey.csproj", "{624F5C4F-7996-4FE8-81C5-EE4DF809C193}"
EndProject
Project("{FAE04EC0-301F-11D3-BF4B-00C04F79EFBC}") = "LicenseInfo", "LicenseInfo\LicenseInfo.csproj", "{88C1A5B7-46DF-4910-8A99-0D37EB913E38}"
EndProject
Global
	GlobalSection(SolutionConfigurationPlatforms) = preSolution
		Debug|Any CPU = Debug|Any CPU
		Debug|x86 = Debug|x86
		Release|Any CPU = Release|Any CPU
		Release|x86 = Release|x86
	EndGlobalSection
	GlobalSection(ProjectConfigurationPlatforms) = postSolution
		{8B2BC7AE-C29C-492D-A405-98E2C9BBC18F}.Debug|Any CPU.ActiveCfg = Debug|Any CPU
		{8B2BC7AE-C29C-492D-A405-98E2C9BBC18F}.Debug|Any CPU.Build.0 = Debug|Any CPU
		{8B2BC7AE-C29C-492D-A405-98E2C9BBC18F}.Debug|x86.ActiveCfg = Debug|Any CPU
		{8B2BC7AE-C29C-492D-A405-98E2C9BBC18F}.Release|Any CPU.ActiveCfg = Release|Any CPU
		{8B2BC7AE-C29C-492D-A405-98E2C9BBC18F}.Release|Any CPU.Build.0 = Release|Any CPU
		{8B2BC7AE-C29C-492D-A405-98E2C9BBC18F}.Release|x86.ActiveCfg = Release|Any CPU
		{4158702B-07DC-4B34-9CAD-586EA4406B2F}.Debug|Any CPU.ActiveCfg = Debug|Any CPU
		{4158702B-07DC-4B34-9CAD-586EA4406B2F}.Debug|Any CPU.Build.0 = Debug|Any CPU
		{4158702B-07DC-4B34-9CAD-586EA4406B2F}.Debug|x86.ActiveCfg = Debug|Any CPU
		{4158702B-07DC-4B34-9CAD-586EA4406B2F}.Release|Any CPU.ActiveCfg = Release|Any CPU
		{4158702B-07DC-4B34-9CAD-586EA4406B2F}.Release|Any CPU.Build.0 = Release|Any CPU
		{4158702B-07DC-4B34-9CAD-586EA4406B2F}.Release|x86.ActiveCfg = Release|Any CPU
		{B79336EF-5C3C-4074-B06B-FD0D265BE320}.Debug|Any CPU.ActiveCfg = Debug|Any CPU
		{B79336EF-5C3C-4074-B06B-FD0D265BE320}.Debug|Any CPU.Build.0 = Debug|Any CPU
		{B79336EF-5C3C-4074-B06B-FD0D265BE320}.Debug|x86.ActiveCfg = Debug|Any CPU
		{B79336EF-5C3C-4074-B06B-FD0D265BE320}.Release|Any CPU.ActiveCfg = Release|Any CPU
		{B79336EF-5C3C-4074-B06B-FD0D265BE320}.Release|Any CPU.Build.0 = Release|Any CPU
		{B79336EF-5C3C-4074-B06B-FD0D265BE320}.Release|x86.ActiveCfg = Release|Any CPU
		{A395A1D4-9871-45C4-8D06-571A0F23DFC7}.Debug|Any CPU.ActiveCfg = Debug|Any CPU
		{A395A1D4-9871-45C4-8D06-571A0F23DFC7}.Debug|Any CPU.Build.0 = Debug|Any CPU
		{A395A1D4-9871-45C4-8D06-571A0F23DFC7}.Debug|x86.ActiveCfg = Debug|Any CPU
		{A395A1D4-9871-45C4-8D06-571A0F23DFC7}.Release|Any CPU.ActiveCfg = Release|Any CPU
		{A395A1D4-9871-45C4-8D06-571A0F23DFC7}.Release|Any CPU.Build.0 = Release|Any CPU
		{A395A1D4-9871-45C4-8D06-571A0F23DFC7}.Release|x86.ActiveCfg = Release|Any CPU
		{D8D5D11B-CD70-4801-A427-12BB03ADA666}.Debug|Any CPU.ActiveCfg = Debug|Any CPU
		{D8D5D11B-CD70-4801-A427-12BB03ADA666}.Debug|Any CPU.Build.0 = Debug|Any CPU
		{D8D5D11B-CD70-4801-A427-12BB03ADA666}.Debug|x86.ActiveCfg = Debug|Any CPU
		{D8D5D11B-CD70-4801-A427-12BB03ADA666}.Release|Any CPU.ActiveCfg = Release|Any CPU
		{D8D5D11B-CD70-4801-A427-12BB03ADA666}.Release|Any CPU.Build.0 = Release|Any CPU
		{D8D5D11B-CD70-4801-A427-12BB03ADA666}.Release|x86.ActiveCfg = Release|Any CPU
		{6D22E150-4F71-4281-A9DF-745569D5A977}.Debug|Any CPU.ActiveCfg = Debug|Any CPU
		{6D22E150-4F71-4281-A9DF-745569D5A977}.Debug|Any CPU.Build.0 = Debug|Any CPU
		{6D22E150-4F71-4281-A9DF-745569D5A977}.Debug|x86.ActiveCfg = Debug|Any CPU
		{6D22E150-4F71-4281-A9DF-745569D5A977}.Release|Any CPU.ActiveCfg = Release|Any CPU
		{6D22E150-4F71-4281-A9DF-745569D5A977}.Release|Any CPU.Build.0 = Release|Any CPU
		{6D22E150-4F71-4281-A9DF-745569D5A977}.Release|x86.ActiveCfg = Release|Any CPU
		{E2EB560C-38D5-4298-9501-0E44806DF4F1}.Debug|Any CPU.ActiveCfg = Debug|Any CPU
		{E2EB560C-38D5-4298-9501-0E44806DF4F1}.Debug|Any CPU.Build.0 = Debug|Any CPU
		{E2EB560C-38D5-4298-9501-0E44806DF4F1}.Debug|x86.ActiveCfg = Debug|Any CPU
		{E2EB560C-38D5-4298-9501-0E44806DF4F1}.Release|Any CPU.ActiveCfg = Release|Any CPU
		{E2EB560C-38D5-4298-9501-0E44806DF4F1}.Release|Any CPU.Build.0 = Release|Any CPU
		{E2EB560C-38D5-4298-9501-0E44806DF4F1}.Release|x86.ActiveCfg = Release|Any CPU
		{38141BA5-49F0-4D34-8351-0685DC0FF561}.Debug|Any CPU.ActiveCfg = Debug|Any CPU
		{38141BA5-49F0-4D34-8351-0685DC0FF561}.Debug|Any CPU.Build.0 = Debug|Any CPU
		{38141BA5-49F0-4D34-8351-0685DC0FF561}.Debug|x86.ActiveCfg = Debug|Any CPU
		{38141BA5-49F0-4D34-8351-0685DC0FF561}.Release|Any CPU.ActiveCfg = Release|Any CPU
		{38141BA5-49F0-4D34-8351-0685DC0FF561}.Release|Any CPU.Build.0 = Release|Any CPU
		{38141BA5-49F0-4D34-8351-0685DC0FF561}.Release|x86.ActiveCfg = Release|Any CPU
		{268877C1-EABC-45E3-848F-05EF659E2E92}.Debug|Any CPU.ActiveCfg = Debug|Any CPU
		{268877C1-EABC-45E3-848F-05EF659E2E92}.Debug|Any CPU.Build.0 = Debug|Any CPU
		{268877C1-EABC-45E3-848F-05EF659E2E92}.Debug|x86.ActiveCfg = Debug|Any CPU
		{268877C1-EABC-45E3-848F-05EF659E2E92}.Release|Any CPU.ActiveCfg = Release|Any CPU
		{268877C1-EABC-45E3-848F-05EF659E2E92}.Release|Any CPU.Build.0 = Release|Any CPU
		{268877C1-EABC-45E3-848F-05EF659E2E92}.Release|x86.ActiveCfg = Release|Any CPU
		{A0CB2EC9-9357-4C0F-8759-502C14C27844}.Debug|Any CPU.ActiveCfg = Debug|Any CPU
		{A0CB2EC9-9357-4C0F-8759-502C14C27844}.Debug|Any CPU.Build.0 = Debug|Any CPU
		{A0CB2EC9-9357-4C0F-8759-502C14C27844}.Debug|x86.ActiveCfg = Debug|Any CPU
		{A0CB2EC9-9357-4C0F-8759-502C14C27844}.Release|Any CPU.ActiveCfg = Release|Any CPU
		{A0CB2EC9-9357-4C0F-8759-502C14C27844}.Release|Any CPU.Build.0 = Release|Any CPU
		{A0CB2EC9-9357-4C0F-8759-502C14C27844}.Release|x86.ActiveCfg = Release|Any CPU
		{D24FFE0A-C428-4391-9B78-2A2FCB6FDDFA}.Debug|Any CPU.ActiveCfg = Debug|Any CPU
		{D24FFE0A-C428-4391-9B78-2A2FCB6FDDFA}.Debug|Any CPU.Build.0 = Debug|Any CPU
		{D24FFE0A-C428-4391-9B78-2A2FCB6FDDFA}.Debug|x86.ActiveCfg = Debug|Any CPU
		{D24FFE0A-C428-4391-9B78-2A2FCB6FDDFA}.Release|Any CPU.ActiveCfg = Release|Any CPU
		{D24FFE0A-C428-4391-9B78-2A2FCB6FDDFA}.Release|Any CPU.Build.0 = Release|Any CPU
		{D24FFE0A-C428-4391-9B78-2A2FCB6FDDFA}.Release|x86.ActiveCfg = Release|Any CPU
		{A99397C7-7140-4154-80D4-4E1B8B873A03}.Debug|Any CPU.ActiveCfg = Debug|Any CPU
		{A99397C7-7140-4154-80D4-4E1B8B873A03}.Debug|Any CPU.Build.0 = Debug|Any CPU
		{A99397C7-7140-4154-80D4-4E1B8B873A03}.Debug|x86.ActiveCfg = Debug|Any CPU
		{A99397C7-7140-4154-80D4-4E1B8B873A03}.Release|Any CPU.ActiveCfg = Release|Any CPU
		{A99397C7-7140-4154-80D4-4E1B8B873A03}.Release|Any CPU.Build.0 = Release|Any CPU
		{A99397C7-7140-4154-80D4-4E1B8B873A03}.Release|x86.ActiveCfg = Release|Any CPU
		{E1086459-C1A1-49E4-8F38-371FB49FC5E1}.Debug|Any CPU.ActiveCfg = Debug|Any CPU
		{E1086459-C1A1-49E4-8F38-371FB49FC5E1}.Debug|Any CPU.Build.0 = Debug|Any CPU
		{E1086459-C1A1-49E4-8F38-371FB49FC5E1}.Debug|x86.ActiveCfg = Debug|Any CPU
		{E1086459-C1A1-49E4-8F38-371FB49FC5E1}.Release|Any CPU.ActiveCfg = Release|Any CPU
		{E1086459-C1A1-49E4-8F38-371FB49FC5E1}.Release|Any CPU.Build.0 = Release|Any CPU
		{E1086459-C1A1-49E4-8F38-371FB49FC5E1}.Release|x86.ActiveCfg = Release|Any CPU
		{51408A9F-A4E9-4D96-9134-400579C4B269}.Debug|Any CPU.ActiveCfg = Debug|Any CPU
		{51408A9F-A4E9-4D96-9134-400579C4B269}.Debug|Any CPU.Build.0 = Debug|Any CPU
		{51408A9F-A4E9-4D96-9134-400579C4B269}.Debug|x86.ActiveCfg = Debug|Any CPU
		{51408A9F-A4E9-4D96-9134-400579C4B269}.Release|Any CPU.ActiveCfg = Release|Any CPU
		{51408A9F-A4E9-4D96-9134-400579C4B269}.Release|Any CPU.Build.0 = Release|Any CPU
		{51408A9F-A4E9-4D96-9134-400579C4B269}.Release|x86.ActiveCfg = Release|Any CPU
		{5A78F393-C5A1-490D-ABB7-91AF2722F9E9}.Debug|Any CPU.ActiveCfg = Debug|Any CPU
		{5A78F393-C5A1-490D-ABB7-91AF2722F9E9}.Debug|Any CPU.Build.0 = Debug|Any CPU
		{5A78F393-C5A1-490D-ABB7-91AF2722F9E9}.Debug|x86.ActiveCfg = Debug|Any CPU
		{5A78F393-C5A1-490D-ABB7-91AF2722F9E9}.Release|Any CPU.ActiveCfg = Release|Any CPU
		{5A78F393-C5A1-490D-ABB7-91AF2722F9E9}.Release|Any CPU.Build.0 = Release|Any CPU
		{5A78F393-C5A1-490D-ABB7-91AF2722F9E9}.Release|x86.ActiveCfg = Release|Any CPU
		{15A67C96-7BEF-49D2-AAB2-C3DD8B1EEFFE}.Debug|Any CPU.ActiveCfg = Debug|Any CPU
		{15A67C96-7BEF-49D2-AAB2-C3DD8B1EEFFE}.Debug|Any CPU.Build.0 = Debug|Any CPU
		{15A67C96-7BEF-49D2-AAB2-C3DD8B1EEFFE}.Debug|x86.ActiveCfg = Debug|Any CPU
		{15A67C96-7BEF-49D2-AAB2-C3DD8B1EEFFE}.Release|Any CPU.ActiveCfg = Release|Any CPU
		{15A67C96-7BEF-49D2-AAB2-C3DD8B1EEFFE}.Release|Any CPU.Build.0 = Release|Any CPU
		{15A67C96-7BEF-49D2-AAB2-C3DD8B1EEFFE}.Release|x86.ActiveCfg = Release|Any CPU
		{CF0817B7-1C9D-4CA7-A2D3-73842C88C80E}.Debug|Any CPU.ActiveCfg = Debug|Any CPU
		{CF0817B7-1C9D-4CA7-A2D3-73842C88C80E}.Debug|Any CPU.Build.0 = Debug|Any CPU
		{CF0817B7-1C9D-4CA7-A2D3-73842C88C80E}.Debug|x86.ActiveCfg = Debug|Any CPU
		{CF0817B7-1C9D-4CA7-A2D3-73842C88C80E}.Release|Any CPU.ActiveCfg = Release|Any CPU
		{CF0817B7-1C9D-4CA7-A2D3-73842C88C80E}.Release|Any CPU.Build.0 = Release|Any CPU
		{CF0817B7-1C9D-4CA7-A2D3-73842C88C80E}.Release|x86.ActiveCfg = Release|Any CPU
		{1AD73A91-65C4-4512-8605-DEA960D7D7FF}.Debug|Any CPU.ActiveCfg = Debug|Any CPU
		{1AD73A91-65C4-4512-8605-DEA960D7D7FF}.Debug|Any CPU.Build.0 = Debug|Any CPU
		{1AD73A91-65C4-4512-8605-DEA960D7D7FF}.Debug|x86.ActiveCfg = Debug|Any CPU
		{1AD73A91-65C4-4512-8605-DEA960D7D7FF}.Release|Any CPU.ActiveCfg = Release|Any CPU
		{1AD73A91-65C4-4512-8605-DEA960D7D7FF}.Release|Any CPU.Build.0 = Release|Any CPU
		{1AD73A91-65C4-4512-8605-DEA960D7D7FF}.Release|x86.ActiveCfg = Release|Any CPU
		{7353535C-F028-4A25-B562-7187857190EA}.Debug|Any CPU.ActiveCfg = Debug|Any CPU
		{7353535C-F028-4A25-B562-7187857190EA}.Debug|Any CPU.Build.0 = Debug|Any CPU
		{7353535C-F028-4A25-B562-7187857190EA}.Debug|x86.ActiveCfg = Debug|Any CPU
		{7353535C-F028-4A25-B562-7187857190EA}.Release|Any CPU.ActiveCfg = Release|Any CPU
		{7353535C-F028-4A25-B562-7187857190EA}.Release|Any CPU.Build.0 = Release|Any CPU
		{7353535C-F028-4A25-B562-7187857190EA}.Release|x86.ActiveCfg = Release|Any CPU
		{66301320-34CA-4E88-9F10-F8B17FEF0BAA}.Debug|Any CPU.ActiveCfg = Debug|Any CPU
		{66301320-34CA-4E88-9F10-F8B17FEF0BAA}.Debug|Any CPU.Build.0 = Debug|Any CPU
		{66301320-34CA-4E88-9F10-F8B17FEF0BAA}.Debug|x86.ActiveCfg = Debug|Any CPU
		{66301320-34CA-4E88-9F10-F8B17FEF0BAA}.Release|Any CPU.ActiveCfg = Release|Any CPU
		{66301320-34CA-4E88-9F10-F8B17FEF0BAA}.Release|Any CPU.Build.0 = Release|Any CPU
		{66301320-34CA-4E88-9F10-F8B17FEF0BAA}.Release|x86.ActiveCfg = Release|Any CPU
		{CE3E3E3A-F68B-43E2-81D8-68CF5DAABA7C}.Debug|Any CPU.ActiveCfg = Debug|Any CPU
		{CE3E3E3A-F68B-43E2-81D8-68CF5DAABA7C}.Debug|Any CPU.Build.0 = Debug|Any CPU
		{CE3E3E3A-F68B-43E2-81D8-68CF5DAABA7C}.Debug|x86.ActiveCfg = Debug|Any CPU
		{CE3E3E3A-F68B-43E2-81D8-68CF5DAABA7C}.Release|Any CPU.ActiveCfg = Release|Any CPU
		{CE3E3E3A-F68B-43E2-81D8-68CF5DAABA7C}.Release|Any CPU.Build.0 = Release|Any CPU
		{CE3E3E3A-F68B-43E2-81D8-68CF5DAABA7C}.Release|x86.ActiveCfg = Release|Any CPU
		{1185BF0D-90F1-44DE-B0C8-2A11ECAFF919}.Debug|Any CPU.ActiveCfg = Debug|Any CPU
		{1185BF0D-90F1-44DE-B0C8-2A11ECAFF919}.Debug|Any CPU.Build.0 = Debug|Any CPU
		{1185BF0D-90F1-44DE-B0C8-2A11ECAFF919}.Debug|x86.ActiveCfg = Debug|Any CPU
		{1185BF0D-90F1-44DE-B0C8-2A11ECAFF919}.Release|Any CPU.ActiveCfg = Release|Any CPU
		{1185BF0D-90F1-44DE-B0C8-2A11ECAFF919}.Release|Any CPU.Build.0 = Release|Any CPU
		{1185BF0D-90F1-44DE-B0C8-2A11ECAFF919}.Release|x86.ActiveCfg = Release|Any CPU
		{0C240E2A-1914-4DE7-8A5B-15112A25372D}.Debug|Any CPU.ActiveCfg = Debug|Any CPU
		{0C240E2A-1914-4DE7-8A5B-15112A25372D}.Debug|Any CPU.Build.0 = Debug|Any CPU
		{0C240E2A-1914-4DE7-8A5B-15112A25372D}.Debug|x86.ActiveCfg = Debug|Any CPU
		{0C240E2A-1914-4DE7-8A5B-15112A25372D}.Release|Any CPU.ActiveCfg = Release|Any CPU
		{0C240E2A-1914-4DE7-8A5B-15112A25372D}.Release|Any CPU.Build.0 = Release|Any CPU
		{0C240E2A-1914-4DE7-8A5B-15112A25372D}.Release|x86.ActiveCfg = Release|Any CPU
		{D237564A-B94C-4E32-9BB2-86B9209448D8}.Debug|Any CPU.ActiveCfg = Debug|Any CPU
		{D237564A-B94C-4E32-9BB2-86B9209448D8}.Debug|Any CPU.Build.0 = Debug|Any CPU
		{D237564A-B94C-4E32-9BB2-86B9209448D8}.Debug|x86.ActiveCfg = Debug|Any CPU
		{D237564A-B94C-4E32-9BB2-86B9209448D8}.Release|Any CPU.ActiveCfg = Release|Any CPU
		{D237564A-B94C-4E32-9BB2-86B9209448D8}.Release|Any CPU.Build.0 = Release|Any CPU
		{D237564A-B94C-4E32-9BB2-86B9209448D8}.Release|x86.ActiveCfg = Release|Any CPU
		{85054D49-3F6E-4A6E-81CF-D57301D077F5}.Debug|Any CPU.ActiveCfg = Debug|Any CPU
		{85054D49-3F6E-4A6E-81CF-D57301D077F5}.Debug|Any CPU.Build.0 = Debug|Any CPU
		{85054D49-3F6E-4A6E-81CF-D57301D077F5}.Debug|x86.ActiveCfg = Debug|Any CPU
		{85054D49-3F6E-4A6E-81CF-D57301D077F5}.Release|Any CPU.ActiveCfg = Release|Any CPU
		{85054D49-3F6E-4A6E-81CF-D57301D077F5}.Release|Any CPU.Build.0 = Release|Any CPU
		{85054D49-3F6E-4A6E-81CF-D57301D077F5}.Release|x86.ActiveCfg = Release|Any CPU
		{1D6288A6-78C9-4233-A5ED-D9A6243CD580}.Debug|Any CPU.ActiveCfg = Debug|Any CPU
		{1D6288A6-78C9-4233-A5ED-D9A6243CD580}.Debug|Any CPU.Build.0 = Debug|Any CPU
		{1D6288A6-78C9-4233-A5ED-D9A6243CD580}.Debug|x86.ActiveCfg = Debug|Any CPU
		{1D6288A6-78C9-4233-A5ED-D9A6243CD580}.Release|Any CPU.ActiveCfg = Release|Any CPU
		{1D6288A6-78C9-4233-A5ED-D9A6243CD580}.Release|Any CPU.Build.0 = Release|Any CPU
		{1D6288A6-78C9-4233-A5ED-D9A6243CD580}.Release|x86.ActiveCfg = Release|Any CPU
		{449CE453-C189-4052-BA0B-2D7F40A32940}.Debug|Any CPU.ActiveCfg = Debug|Any CPU
		{449CE453-C189-4052-BA0B-2D7F40A32940}.Debug|Any CPU.Build.0 = Debug|Any CPU
		{449CE453-C189-4052-BA0B-2D7F40A32940}.Debug|x86.ActiveCfg = Debug|Any CPU
		{449CE453-C189-4052-BA0B-2D7F40A32940}.Release|Any CPU.ActiveCfg = Release|Any CPU
		{449CE453-C189-4052-BA0B-2D7F40A32940}.Release|Any CPU.Build.0 = Release|Any CPU
		{449CE453-C189-4052-BA0B-2D7F40A32940}.Release|x86.ActiveCfg = Release|Any CPU
		{7571D294-5657-4695-B170-2A6A61D89B0F}.Debug|Any CPU.ActiveCfg = Debug|Any CPU
		{7571D294-5657-4695-B170-2A6A61D89B0F}.Debug|Any CPU.Build.0 = Debug|Any CPU
		{7571D294-5657-4695-B170-2A6A61D89B0F}.Debug|x86.ActiveCfg = Debug|Any CPU
		{7571D294-5657-4695-B170-2A6A61D89B0F}.Release|Any CPU.ActiveCfg = Release|Any CPU
		{7571D294-5657-4695-B170-2A6A61D89B0F}.Release|Any CPU.Build.0 = Release|Any CPU
		{7571D294-5657-4695-B170-2A6A61D89B0F}.Release|x86.ActiveCfg = Release|Any CPU
		{624F5C4F-7996-4FE8-81C5-EE4DF809C193}.Debug|Any CPU.ActiveCfg = Debug|Any CPU
		{624F5C4F-7996-4FE8-81C5-EE4DF809C193}.Debug|Any CPU.Build.0 = Debug|Any CPU
		{624F5C4F-7996-4FE8-81C5-EE4DF809C193}.Debug|x86.ActiveCfg = Debug|Any CPU
		{624F5C4F-7996-4FE8-81C5-EE4DF809C193}.Release|Any CPU.ActiveCfg = Release|Any CPU
		{624F5C4F-7996-4FE8-81C5-EE4DF809C193}.Release|Any CPU.Build.0 = Release|Any CPU
		{624F5C4F-7996-4FE8-81C5-EE4DF809C193}.Release|x86.ActiveCfg = Release|Any CPU
		{88C1A5B7-46DF-4910-8A99-0D37EB913E38}.Debug|Any CPU.ActiveCfg = Debug|Any CPU
		{88C1A5B7-46DF-4910-8A99-0D37EB913E38}.Debug|Any CPU.Build.0 = Debug|Any CPU
		{88C1A5B7-46DF-4910-8A99-0D37EB913E38}.Debug|x86.ActiveCfg = Debug|Any CPU
		{88C1A5B7-46DF-4910-8A99-0D37EB913E38}.Release|Any CPU.ActiveCfg = Release|Any CPU
		{88C1A5B7-46DF-4910-8A99-0D37EB913E38}.Release|Any CPU.Build.0 = Release|Any CPU
		{88C1A5B7-46DF-4910-8A99-0D37EB913E38}.Release|x86.ActiveCfg = Release|Any CPU
	EndGlobalSection
	GlobalSection(SolutionProperties) = preSolution
		HideSolutionNode = FALSE
	EndGlobalSection
	GlobalSection(NestedProjects) = preSolution
		{E2EB560C-38D5-4298-9501-0E44806DF4F1} = {D7B3FB2B-C5FE-43E1-822D-65C4CFAC9828}
		{38141BA5-49F0-4D34-8351-0685DC0FF561} = {D7B3FB2B-C5FE-43E1-822D-65C4CFAC9828}
		{268877C1-EABC-45E3-848F-05EF659E2E92} = {D7B3FB2B-C5FE-43E1-822D-65C4CFAC9828}
		{A0CB2EC9-9357-4C0F-8759-502C14C27844} = {D7B3FB2B-C5FE-43E1-822D-65C4CFAC9828}
		{D24FFE0A-C428-4391-9B78-2A2FCB6FDDFA} = {D7B3FB2B-C5FE-43E1-822D-65C4CFAC9828}
		{A99397C7-7140-4154-80D4-4E1B8B873A03} = {D7B3FB2B-C5FE-43E1-822D-65C4CFAC9828}
		{E1086459-C1A1-49E4-8F38-371FB49FC5E1} = {D7B3FB2B-C5FE-43E1-822D-65C4CFAC9828}
		{51408A9F-A4E9-4D96-9134-400579C4B269} = {D7B3FB2B-C5FE-43E1-822D-65C4CFAC9828}
		{7353535C-F028-4A25-B562-7187857190EA} = {D7B3FB2B-C5FE-43E1-822D-65C4CFAC9828}
		{66301320-34CA-4E88-9F10-F8B17FEF0BAA} = {D7B3FB2B-C5FE-43E1-822D-65C4CFAC9828}
		{CE3E3E3A-F68B-43E2-81D8-68CF5DAABA7C} = {D7B3FB2B-C5FE-43E1-822D-65C4CFAC9828}
		{1185BF0D-90F1-44DE-B0C8-2A11ECAFF919} = {D7B3FB2B-C5FE-43E1-822D-65C4CFAC9828}
		{0C240E2A-1914-4DE7-8A5B-15112A25372D} = {D7B3FB2B-C5FE-43E1-822D-65C4CFAC9828}
	EndGlobalSection
EndGlobal
