
Microsoft Visual Studio Solution File, Format Version 11.00
# Visual Studio 2010
Project("{54435603-DBB4-11D2-8724-00A0C9A8B90C}") = "ConverterSetup", "ConverterSetup\ConverterSetup.vdproj", "{9ED12B66-4684-46B5-9B68-8F2B348D1234}"
EndProject
Global
	GlobalSection(SolutionConfigurationPlatforms) = preSolution
		Debug|Default = Debug|Default
		Release|Default = Release|Default
	EndGlobalSection
	GlobalSection(ProjectConfigurationPlatforms) = postSolution
		{9ED12B66-4684-46B5-9B68-8F2B348D1234}.Debug|Default.ActiveCfg = Debug
		{9ED12B66-4684-46B5-9B68-8F2B348D1234}.Debug|Default.Build.0 = Debug
		{9ED12B66-4684-46B5-9B68-8F2B348D1234}.Release|Default.ActiveCfg = Release
		{9ED12B66-4684-46B5-9B68-8F2B348D1234}.Release|Default.Build.0 = Release
	EndGlobalSection
	GlobalSection(SolutionProperties) = preSolution
		HideSolutionNode = FALSE
	EndGlobalSection
EndGlobal
